
Microsoft Visual Studio Solution File, Format Version 12.00
# Visual Studio 2013
VisualStudioVersion = 12.0.31101.0
MinimumVisualStudioVersion = 10.0.40219.1
Project("{FAE04EC0-301F-11D3-BF4B-00C04F79EFBC}") = "Plugin", "Specflow.Plugins.CodedUi\Plugin.csproj", "{9C582AC8-9EEA-462A-B946-3EDEFAE89867}"
EndProject
Project("{2150E333-8FDC-42A3-9474-1A3956D46DE8}") = "Tests", "Tests", "{C558E635-5054-44F3-BC32-427563ABA972}"
EndProject
Project("{FAE04EC0-301F-11D3-BF4B-00C04F79EFBC}") = "Calculator", "Calculator\Calculator.csproj", "{4648B769-AA67-43B6-BBFC-23C5E48B1195}"
EndProject
Project("{2150E333-8FDC-42A3-9474-1A3956D46DE8}") = ".nuget", ".nuget", "{20D5989C-2AEE-417A-A2E2-E685D0E55AE1}"
	ProjectSection(SolutionItems) = preProject
		.nuget\NuGet.Config = .nuget\NuGet.Config
		.nuget\NuGet.exe = .nuget\NuGet.exe
		.nuget\NuGet.targets = .nuget\NuGet.targets
	EndProjectSection
EndProject
Project("{FAE04EC0-301F-11D3-BF4B-00C04F79EFBC}") = "Calculator.Specs", "Calculator.Specs\Calculator.Specs.csproj", "{9F6469CB-5BB6-493D-9090-CA2D40170157}"
EndProject
Project("{FAE04EC0-301F-11D3-BF4B-00C04F79EFBC}") = "UnitTests", "UnitTests\UnitTests.csproj", "{139F1B42-B71F-4E14-AD3F-320EA724B78C}"
EndProject
Global
	GlobalSection(SolutionConfigurationPlatforms) = preSolution
		Debug|Any CPU = Debug|Any CPU
		Release|Any CPU = Release|Any CPU
	EndGlobalSection
	GlobalSection(ProjectConfigurationPlatforms) = postSolution
		{9C582AC8-9EEA-462A-B946-3EDEFAE89867}.Debug|Any CPU.ActiveCfg = Debug|Any CPU
		{9C582AC8-9EEA-462A-B946-3EDEFAE89867}.Debug|Any CPU.Build.0 = Debug|Any CPU
		{9C582AC8-9EEA-462A-B946-3EDEFAE89867}.Release|Any CPU.ActiveCfg = Release|Any CPU
		{9C582AC8-9EEA-462A-B946-3EDEFAE89867}.Release|Any CPU.Build.0 = Release|Any CPU
		{4648B769-AA67-43B6-BBFC-23C5E48B1195}.Debug|Any CPU.ActiveCfg = Debug|Any CPU
		{4648B769-AA67-43B6-BBFC-23C5E48B1195}.Debug|Any CPU.Build.0 = Debug|Any CPU
		{4648B769-AA67-43B6-BBFC-23C5E48B1195}.Release|Any CPU.ActiveCfg = Release|Any CPU
		{4648B769-AA67-43B6-BBFC-23C5E48B1195}.Release|Any CPU.Build.0 = Release|Any CPU
		{9F6469CB-5BB6-493D-9090-CA2D40170157}.Debug|Any CPU.ActiveCfg = Debug|Any CPU
		{9F6469CB-5BB6-493D-9090-CA2D40170157}.Debug|Any CPU.Build.0 = Debug|Any CPU
		{9F6469CB-5BB6-493D-9090-CA2D40170157}.Release|Any CPU.ActiveCfg = Release|Any CPU
		{9F6469CB-5BB6-493D-9090-CA2D40170157}.Release|Any CPU.Build.0 = Release|Any CPU
		{139F1B42-B71F-4E14-AD3F-320EA724B78C}.Debug|Any CPU.ActiveCfg = Debug|Any CPU
		{139F1B42-B71F-4E14-AD3F-320EA724B78C}.Debug|Any CPU.Build.0 = Debug|Any CPU
		{139F1B42-B71F-4E14-AD3F-320EA724B78C}.Release|Any CPU.ActiveCfg = Release|Any CPU
		{139F1B42-B71F-4E14-AD3F-320EA724B78C}.Release|Any CPU.Build.0 = Release|Any CPU
	EndGlobalSection
	GlobalSection(SolutionProperties) = preSolution
		HideSolutionNode = FALSE
	EndGlobalSection
	GlobalSection(NestedProjects) = preSolution
		{4648B769-AA67-43B6-BBFC-23C5E48B1195} = {C558E635-5054-44F3-BC32-427563ABA972}
		{9F6469CB-5BB6-493D-9090-CA2D40170157} = {C558E635-5054-44F3-BC32-427563ABA972}
		{139F1B42-B71F-4E14-AD3F-320EA724B78C} = {C558E635-5054-44F3-BC32-427563ABA972}
	EndGlobalSection
EndGlobal
